// !$*UTF8*$!
{
	archiveVersion = 1;
	classes = {
	};
	objectVersion = 46;
	objects = {

/* Begin PBXBuildFile section */
		433860F21DFCD822005C6745 /* LaunchScreen.storyboard in Resources */ = {isa = PBXBuildFile; fileRef = 433860F01DFCD822005C6745 /* LaunchScreen.storyboard */; };
		433860FC1DFCD875005C6745 /* AppDelegate.swift in Sources */ = {isa = PBXBuildFile; fileRef = 433860F91DFCD875005C6745 /* AppDelegate.swift */; };
		433860FD1DFCD875005C6745 /* ViewController.swift in Sources */ = {isa = PBXBuildFile; fileRef = 433860FA1DFCD875005C6745 /* ViewController.swift */; };
		433860FE1DFCD875005C6745 /* FunctionalProgrammingSwift.swift in Sources */ = {isa = PBXBuildFile; fileRef = 433860FB1DFCD875005C6745 /* FunctionalProgrammingSwift.swift */; };
		433861001DFCD945005C6745 /* Assets.xcassets in Resources */ = {isa = PBXBuildFile; fileRef = 433860FF1DFCD945005C6745 /* Assets.xcassets */; };
		4359D9391E052A7500D39DDB /* Carnetdevoyage.ttf in Resources */ = {isa = PBXBuildFile; fileRef = 4359D9381E052A7500D39DDB /* Carnetdevoyage.ttf */; };
		E78DC8ACB4A8899551379F18 /* Pods_appSantaClaus2.framework in Frameworks */ = {isa = PBXBuildFile; fileRef = 819443D937552F1AA8AF83F5 /* Pods_appSantaClaus2.framework */; };
/* End PBXBuildFile section */

/* Begin PBXFileReference section */
		3D9E980F01BE3DB50AF99622 /* Pods-appSantaClaus2.debug.xcconfig */ = {isa = PBXFileReference; includeInIndex = 1; lastKnownFileType = text.xcconfig; name = "Pods-appSantaClaus2.debug.xcconfig"; path = "Pods/Target Support Files/Pods-appSantaClaus2/Pods-appSantaClaus2.debug.xcconfig"; sourceTree = "<group>"; };
		433860E41DFCD822005C6745 /* appSantaClaus2.app */ = {isa = PBXFileReference; explicitFileType = wrapper.application; includeInIndex = 0; path = appSantaClaus2.app; sourceTree = BUILT_PRODUCTS_DIR; };
		433860F11DFCD822005C6745 /* Base */ = {isa = PBXFileReference; lastKnownFileType = file.storyboard; name = Base; path = Base.lproj/LaunchScreen.storyboard; sourceTree = "<group>"; };
		433860F31DFCD822005C6745 /* Info.plist */ = {isa = PBXFileReference; lastKnownFileType = text.plist.xml; path = Info.plist; sourceTree = "<group>"; };
		433860F91DFCD875005C6745 /* AppDelegate.swift */ = {isa = PBXFileReference; fileEncoding = 4; lastKnownFileType = sourcecode.swift; path = AppDelegate.swift; sourceTree = "<group>"; };
		433860FA1DFCD875005C6745 /* ViewController.swift */ = {isa = PBXFileReference; fileEncoding = 4; lastKnownFileType = sourcecode.swift; path = ViewController.swift; sourceTree = "<group>"; };
		433860FB1DFCD875005C6745 /* FunctionalProgrammingSwift.swift */ = {isa = PBXFileReference; fileEncoding = 4; lastKnownFileType = sourcecode.swift; path = FunctionalProgrammingSwift.swift; sourceTree = "<group>"; };
		433860FF1DFCD945005C6745 /* Assets.xcassets */ = {isa = PBXFileReference; lastKnownFileType = folder.assetcatalog; path = Assets.xcassets; sourceTree = "<group>"; };
		4359D9381E052A7500D39DDB /* Carnetdevoyage.ttf */ = {isa = PBXFileReference; lastKnownFileType = file; path = Carnetdevoyage.ttf; sourceTree = "<group>"; };
		7BD7FF23830F7EEDD4B3743B /* Pods-appSantaClaus2.release.xcconfig */ = {isa = PBXFileReference; includeInIndex = 1; lastKnownFileType = text.xcconfig; name = "Pods-appSantaClaus2.release.xcconfig"; path = "Pods/Target Support Files/Pods-appSantaClaus2/Pods-appSantaClaus2.release.xcconfig"; sourceTree = "<group>"; };
		819443D937552F1AA8AF83F5 /* Pods_appSantaClaus2.framework */ = {isa = PBXFileReference; explicitFileType = wrapper.framework; includeInIndex = 0; path = Pods_appSantaClaus2.framework; sourceTree = BUILT_PRODUCTS_DIR; };
/* End PBXFileReference section */

/* Begin PBXFrameworksBuildPhase section */
		433860E11DFCD822005C6745 /* Frameworks */ = {
			isa = PBXFrameworksBuildPhase;
			buildActionMask = 2147483647;
			files = (
				E78DC8ACB4A8899551379F18 /* Pods_appSantaClaus2.framework in Frameworks */,
			);
			runOnlyForDeploymentPostprocessing = 0;
		};
/* End PBXFrameworksBuildPhase section */

/* Begin PBXGroup section */
		433860DB1DFCD822005C6745 = {
			isa = PBXGroup;
			children = (
				4359D9381E052A7500D39DDB /* Carnetdevoyage.ttf */,
				433860E61DFCD822005C6745 /* appSantaClaus2 */,
				433860E51DFCD822005C6745 /* Products */,
				6B1C97C6DFD7048D43C239EB /* Pods */,
				961BE8FF1575C8CF870A0E99 /* Frameworks */,
			);
			sourceTree = "<group>";
		};
		433860E51DFCD822005C6745 /* Products */ = {
			isa = PBXGroup;
			children = (
				433860E41DFCD822005C6745 /* appSantaClaus2.app */,
			);
			name = Products;
			sourceTree = "<group>";
		};
		433860E61DFCD822005C6745 /* appSantaClaus2 */ = {
			isa = PBXGroup;
			children = (
				433860F91DFCD875005C6745 /* AppDelegate.swift */,
				433860FA1DFCD875005C6745 /* ViewController.swift */,
				433860FB1DFCD875005C6745 /* FunctionalProgrammingSwift.swift */,
				433860FF1DFCD945005C6745 /* Assets.xcassets */,
				433860F01DFCD822005C6745 /* LaunchScreen.storyboard */,
				433860F31DFCD822005C6745 /* Info.plist */,
			);
			path = appSantaClaus2;
			sourceTree = "<group>";
		};
		6B1C97C6DFD7048D43C239EB /* Pods */ = {
			isa = PBXGroup;
			children = (
				3D9E980F01BE3DB50AF99622 /* Pods-appSantaClaus2.debug.xcconfig */,
				7BD7FF23830F7EEDD4B3743B /* Pods-appSantaClaus2.release.xcconfig */,
			);
			name = Pods;
			sourceTree = "<group>";
		};
		961BE8FF1575C8CF870A0E99 /* Frameworks */ = {
			isa = PBXGroup;
			children = (
				819443D937552F1AA8AF83F5 /* Pods_appSantaClaus2.framework */,
			);
			name = Frameworks;
			sourceTree = "<group>";
		};
/* End PBXGroup section */

/* Begin PBXNativeTarget section */
		433860E31DFCD822005C6745 /* appSantaClaus2 */ = {
			isa = PBXNativeTarget;
			buildConfigurationList = 433860F61DFCD822005C6745 /* Build configuration list for PBXNativeTarget "appSantaClaus2" */;
			buildPhases = (
				EDD967F455FD8A7E5A782EFE /* [CP] Check Pods Manifest.lock */,
				433860E01DFCD822005C6745 /* Sources */,
				433860E11DFCD822005C6745 /* Frameworks */,
				433860E21DFCD822005C6745 /* Resources */,
				02A505E357400E343116024C /* [CP] Embed Pods Frameworks */,
				BA145B48CA0853BA925DA276 /* [CP] Copy Pods Resources */,
			);
			buildRules = (
			);
			dependencies = (
			);
			name = appSantaClaus2;
			productName = appSantaClaus2;
			productReference = 433860E41DFCD822005C6745 /* appSantaClaus2.app */;
			productType = "com.apple.product-type.application";
		};
/* End PBXNativeTarget section */

/* Begin PBXProject section */
		433860DC1DFCD822005C6745 /* Project object */ = {
			isa = PBXProject;
			attributes = {
				LastSwiftUpdateCheck = 0810;
				LastUpgradeCheck = 0810;
				ORGANIZATIONNAME = "Tai Duong";
				TargetAttributes = {
					433860E31DFCD822005C6745 = {
						CreatedOnToolsVersion = 8.1;
						LastSwiftMigration = 0810;
						ProvisioningStyle = Automatic;
					};
				};
			};
			buildConfigurationList = 433860DF1DFCD822005C6745 /* Build configuration list for PBXProject "appSantaClaus2" */;
			compatibilityVersion = "Xcode 3.2";
			developmentRegion = English;
			hasScannedForEncodings = 0;
			knownRegions = (
				en,
				Base,
			);
			mainGroup = 433860DB1DFCD822005C6745;
			productRefGroup = 433860E51DFCD822005C6745 /* Products */;
			projectDirPath = "";
			projectRoot = "";
			targets = (
				433860E31DFCD822005C6745 /* appSantaClaus2 */,
			);
		};
/* End PBXProject section */

/* Begin PBXResourcesBuildPhase section */
		433860E21DFCD822005C6745 /* Resources */ = {
			isa = PBXResourcesBuildPhase;
			buildActionMask = 2147483647;
			files = (
				4359D9391E052A7500D39DDB /* Carnetdevoyage.ttf in Resources */,
				433861001DFCD945005C6745 /* Assets.xcassets in Resources */,
				433860F21DFCD822005C6745 /* LaunchScreen.storyboard in Resources */,
			);
			runOnlyForDeploymentPostprocessing = 0;
		};
/* End PBXResourcesBuildPhase section */

/* Begin PBXShellScriptBuildPhase section */
		02A505E357400E343116024C /* [CP] Embed Pods Frameworks */ = {
			isa = PBXShellScriptBuildPhase;
			buildActionMask = 2147483647;
			files = (
			);
			inputPaths = (
			);
			name = "[CP] Embed Pods Frameworks";
			outputPaths = (
			);
			runOnlyForDeploymentPostprocessing = 0;
			shellPath = /bin/sh;
			shellScript = "\"${SRCROOT}/Pods/Target Support Files/Pods-appSantaClaus2/Pods-appSantaClaus2-frameworks.sh\"\n";
			showEnvVarsInLog = 0;
		};
		BA145B48CA0853BA925DA276 /* [CP] Copy Pods Resources */ = {
			isa = PBXShellScriptBuildPhase;
			buildActionMask = 2147483647;
			files = (
			);
			inputPaths = (
			);
			name = "[CP] Copy Pods Resources";
			outputPaths = (
			);
			runOnlyForDeploymentPostprocessing = 0;
			shellPath = /bin/sh;
			shellScript = "\"${SRCROOT}/Pods/Target Support Files/Pods-appSantaClaus2/Pods-appSantaClaus2-resources.sh\"\n";
			showEnvVarsInLog = 0;
		};
		EDD967F455FD8A7E5A782EFE /* [CP] Check Pods Manifest.lock */ = {
			isa = PBXShellScriptBuildPhase;
			buildActionMask = 2147483647;
			files = (
			);
			inputPaths = (
			);
			name = "[CP] Check Pods Manifest.lock";
			outputPaths = (
			);
			runOnlyForDeploymentPostprocessing = 0;
			shellPath = /bin/sh;
			shellScript = "diff \"${PODS_ROOT}/../Podfile.lock\" \"${PODS_ROOT}/Manifest.lock\" > /dev/null\nif [ $? != 0 ] ; then\n    # print error to STDERR\n    echo \"error: The sandbox is not in sync with the Podfile.lock. Run 'pod install' or update your CocoaPods installation.\" >&2\n    exit 1\nfi\n";
			showEnvVarsInLog = 0;
		};
/* End PBXShellScriptBuildPhase section */

/* Begin PBXSourcesBuildPhase section */
		433860E01DFCD822005C6745 /* Sources */ = {
			isa = PBXSourcesBuildPhase;
			buildActionMask = 2147483647;
			files = (
				433860FD1DFCD875005C6745 /* ViewController.swift in Sources */,
				433860FC1DFCD875005C6745 /* AppDelegate.swift in Sources */,
				433860FE1DFCD875005C6745 /* FunctionalProgrammingSwift.swift in Sources */,
			);
			runOnlyForDeploymentPostprocessing = 0;
		};
/* End PBXSourcesBuildPhase section */

/* Begin PBXVariantGroup section */
		433860F01DFCD822005C6745 /* LaunchScreen.storyboard */ = {
			isa = PBXVariantGroup;
			children = (
				433860F11DFCD822005C6745 /* Base */,
			);
			name = LaunchScreen.storyboard;
			sourceTree = "<group>";
		};
/* End PBXVariantGroup section */

/* Begin XCBuildConfiguration section */
		433860F41DFCD822005C6745 /* Debug */ = {
			isa = XCBuildConfiguration;
			buildSettings = {
				ALWAYS_SEARCH_USER_PATHS = NO;
				CLANG_ANALYZER_NONNULL = YES;
				CLANG_CXX_LANGUAGE_STANDARD = "gnu++0x";
				CLANG_CXX_LIBRARY = "libc++";
				CLANG_ENABLE_MODULES = YES;
				CLANG_ENABLE_OBJC_ARC = YES;
				CLANG_WARN_BOOL_CONVERSION = YES;
				CLANG_WARN_CONSTANT_CONVERSION = YES;
				CLANG_WARN_DIRECT_OBJC_ISA_USAGE = YES_ERROR;
				CLANG_WARN_DOCUMENTATION_COMMENTS = YES;
				CLANG_WARN_EMPTY_BODY = YES;
				CLANG_WARN_ENUM_CONVERSION = YES;
				CLANG_WARN_INFINITE_RECURSION = YES;
				CLANG_WARN_INT_CONVERSION = YES;
				CLANG_WARN_OBJC_ROOT_CLASS = YES_ERROR;
				CLANG_WARN_SUSPICIOUS_MOVE = YES;
				CLANG_WARN_SUSPICIOUS_MOVES = YES;
				CLANG_WARN_UNREACHABLE_CODE = YES;
				CLANG_WARN__DUPLICATE_METHOD_MATCH = YES;
				"CODE_SIGN_IDENTITY[sdk=iphoneos*]" = "iPhone Developer";
				COPY_PHASE_STRIP = NO;
				DEBUG_INFORMATION_FORMAT = dwarf;
				ENABLE_STRICT_OBJC_MSGSEND = YES;
				ENABLE_TESTABILITY = YES;
				GCC_C_LANGUAGE_STANDARD = gnu99;
				GCC_DYNAMIC_NO_PIC = NO;
				GCC_NO_COMMON_BLOCKS = YES;
				GCC_OPTIMIZATION_LEVEL = 0;
				GCC_PREPROCESSOR_DEFINITIONS = (
					"DEBUG=1",
					"$(inherited)",
				);
				GCC_WARN_64_TO_32_BIT_CONVERSION = YES;
				GCC_WARN_ABOUT_RETURN_TYPE = YES_ERROR;
				GCC_WARN_UNDECLARED_SELECTOR = YES;
				GCC_WARN_UNINITIALIZED_AUTOS = YES_AGGRESSIVE;
				GCC_WARN_UNUSED_FUNCTION = YES;
				GCC_WARN_UNUSED_VARIABLE = YES;
				IPHONEOS_DEPLOYMENT_TARGET = 9.3;
				MTL_ENABLE_DEBUG_INFO = YES;
				ONLY_ACTIVE_ARCH = YES;
				SDKROOT = iphoneos;
				SWIFT_ACTIVE_COMPILATION_CONDITIONS = DEBUG;
				SWIFT_OPTIMIZATION_LEVEL = "-Onone";
				TARGETED_DEVICE_FAMILY = "1,2";
			};
			name = Debug;
		};
		433860F51DFCD822005C6745 /* Release */ = {
			isa = XCBuildConfiguration;
			buildSettings = {
				ALWAYS_SEARCH_USER_PATHS = NO;
				CLANG_ANALYZER_NONNULL = YES;
				CLANG_CXX_LANGUAGE_STANDARD = "gnu++0x";
				CLANG_CXX_LIBRARY = "libc++";
				CLANG_ENABLE_MODULES = YES;
				CLANG_ENABLE_OBJC_ARC = YES;
				CLANG_WARN_BOOL_CONVERSION = YES;
				CLANG_WARN_CONSTANT_CONVERSION = YES;
				CLANG_WARN_DIRECT_OBJC_ISA_USAGE = YES_ERROR;
				CLANG_WARN_DOCUMENTATION_COMMENTS = YES;
				CLANG_WARN_EMPTY_BODY = YES;
				CLANG_WARN_ENUM_CONVERSION = YES;
				CLANG_WARN_INFINITE_RECURSION = YES;
				CLANG_WARN_INT_CONVERSION = YES;
				CLANG_WARN_OBJC_ROOT_CLASS = YES_ERROR;
				CLANG_WARN_SUSPICIOUS_MOVE = YES;
				CLANG_WARN_SUSPICIOUS_MOVES = YES;
				CLANG_WARN_UNREACHABLE_CODE = YES;
				CLANG_WARN__DUPLICATE_METHOD_MATCH = YES;
				"CODE_SIGN_IDENTITY[sdk=iphoneos*]" = "iPhone Developer";
				COPY_PHASE_STRIP = NO;
				DEBUG_INFORMATION_FORMAT = "dwarf-with-dsym";
				ENABLE_NS_ASSERTIONS = NO;
				ENABLE_STRICT_OBJC_MSGSEND = YES;
				GCC_C_LANGUAGE_STANDARD = gnu99;
				GCC_NO_COMMON_BLOCKS = YES;
				GCC_WARN_64_TO_32_BIT_CONVERSION = YES;
				GCC_WARN_ABOUT_RETURN_TYPE = YES_ERROR;
				GCC_WARN_UNDECLARED_SELECTOR = YES;
				GCC_WARN_UNINITIALIZED_AUTOS = YES_AGGRESSIVE;
				GCC_WARN_UNUSED_FUNCTION = YES;
				GCC_WARN_UNUSED_VARIABLE = YES;
				IPHONEOS_DEPLOYMENT_TARGET = 9.3;
				MTL_ENABLE_DEBUG_INFO = NO;
				SDKROOT = iphoneos;
				SWIFT_OPTIMIZATION_LEVEL = "-Owholemodule";
				TARGETED_DEVICE_FAMILY = "1,2";
				VALIDATE_PRODUCT = YES;
			};
			name = Release;
		};
		433860F71DFCD822005C6745 /* Debug */ = {
			isa = XCBuildConfiguration;
			baseConfigurationReference = 3D9E980F01BE3DB50AF99622 /* Pods-appSantaClaus2.debug.xcconfig */;
			buildSettings = {
				ASSETCATALOG_COMPILER_APPICON_NAME = AppIcon;
				CLANG_ENABLE_MODULES = YES;
				INFOPLIST_FILE = appSantaClaus2/Info.plist;
				IPHONEOS_DEPLOYMENT_TARGET = 9.3;
				LD_RUNPATH_SEARCH_PATHS = "$(inherited) @executable_path/Frameworks";
				PRODUCT_BUNDLE_IDENTIFIER = com.imbaggaarm.gameSantaClaus;
				PRODUCT_NAME = "$(TARGET_NAME)";
				SWIFT_OPTIMIZATION_LEVEL = "-Onone";
				SWIFT_VERSION = 3.0;
			};
			name = Debug;
		};
		433860F81DFCD822005C6745 /* Release */ = {
			isa = XCBuildConfiguration;
			baseConfigurationReference = 7BD7FF23830F7EEDD4B3743B /* Pods-appSantaClaus2.release.xcconfig */;
			buildSettings = {
				ASSETCATALOG_COMPILER_APPICON_NAME = AppIcon;
				CLANG_ENABLE_MODULES = YES;
				INFOPLIST_FILE = appSantaClaus2/Info.plist;
				IPHONEOS_DEPLOYMENT_TARGET = 9.3;
				LD_RUNPATH_SEARCH_PATHS = "$(inherited) @executable_path/Frameworks";
				PRODUCT_BUNDLE_IDENTIFIER = com.imbaggaarm.gameSantaClaus;
				PRODUCT_NAME = "$(TARGET_NAME)";
				SWIFT_VERSION = 3.0;
			};
			name = Release;
		};
/* End XCBuildConfiguration section */

/* Begin XCConfigurationList section */
		433860DF1DFCD822005C6745 /* Build configuration list for PBXProject "appSantaClaus2" */ = {
			isa = XCConfigurationList;
			buildConfigurations = (
				433860F41DFCD822005C6745 /* Debug */,
				433860F51DFCD822005C6745 /* Release */,
			);
			defaultConfigurationIsVisible = 0;
			defaultConfigurationName = Release;
		};
		433860F61DFCD822005C6745 /* Build configuration list for PBXNativeTarget "appSantaClaus2" */ = {
			isa = XCConfigurationList;
			buildConfigurations = (
				433860F71DFCD822005C6745 /* Debug */,
				433860F81DFCD822005C6745 /* Release */,
			);
			defaultConfigurationIsVisible = 0;
			defaultConfigurationName = Release;
		};
/* End XCConfigurationList section */
	};
	rootObject = 433860DC1DFCD822005C6745 /* Project object */;
}
